// !$*UTF8*$!
{
	archiveVersion = 1;
	classes = {
	};
	objectVersion = 56;
	objects = {

/* Begin PBXBuildFile section */
		E943C8F52A1C391D0090DFC4 /* AppDelegate.swift in Sources */ = {isa = PBXBuildFile; fileRef = E943C8F42A1C391D0090DFC4 /* AppDelegate.swift */; };
		E943C8F72A1C391D0090DFC4 /* SceneDelegate.swift in Sources */ = {isa = PBXBuildFile; fileRef = E943C8F62A1C391D0090DFC4 /* SceneDelegate.swift */; };
		E943C8F92A1C391D0090DFC4 /* ViewController.swift in Sources */ = {isa = PBXBuildFile; fileRef = E943C8F82A1C391D0090DFC4 /* ViewController.swift */; };
		E943C8FC2A1C391D0090DFC4 /* Main.storyboard in Resources */ = {isa = PBXBuildFile; fileRef = E943C8FA2A1C391D0090DFC4 /* Main.storyboard */; };
		E943C8FE2A1C391F0090DFC4 /* Assets.xcassets in Resources */ = {isa = PBXBuildFile; fileRef = E943C8FD2A1C391F0090DFC4 /* Assets.xcassets */; };
		E943C9012A1C391F0090DFC4 /* LaunchScreen.storyboard in Resources */ = {isa = PBXBuildFile; fileRef = E943C8FF2A1C391F0090DFC4 /* LaunchScreen.storyboard */; };
		E943C90E2A1C41E10090DFC4 /* Heart.swift in Sources */ = {isa = PBXBuildFile; fileRef = E943C90D2A1C41E10090DFC4 /* Heart.swift */; };
		E943C9122A1C449A0090DFC4 /* HeartCase.swift in Sources */ = {isa = PBXBuildFile; fileRef = E943C9112A1C449A0090DFC4 /* HeartCase.swift */; };
		E943C91A2A1E64E90090DFC4 /* HeartRateTests.swift in Sources */ = {isa = PBXBuildFile; fileRef = E943C9192A1E64E90090DFC4 /* HeartRateTests.swift */; };
		E943C9212A1E653F0090DFC4 /* HeartCaseTests.swift in Sources */ = {isa = PBXBuildFile; fileRef = E943C9202A1E653F0090DFC4 /* HeartCaseTests.swift */; };
		E943C9292A1FB6E80090DFC4 /* HeartRateUITests.swift in Sources */ = {isa = PBXBuildFile; fileRef = E943C9282A1FB6E80090DFC4 /* HeartRateUITests.swift */; };
		E943C92B2A1FB6E80090DFC4 /* HeartRateUITestsLaunchTests.swift in Sources */ = {isa = PBXBuildFile; fileRef = E943C92A2A1FB6E80090DFC4 /* HeartRateUITestsLaunchTests.swift */; };
/* End PBXBuildFile section */

/* Begin PBXContainerItemProxy section */
		E943C91B2A1E64E90090DFC4 /* PBXContainerItemProxy */ = {
			isa = PBXContainerItemProxy;
			containerPortal = E943C8E92A1C391D0090DFC4 /* Project object */;
			proxyType = 1;
			remoteGlobalIDString = E943C8F02A1C391D0090DFC4;
			remoteInfo = "Heart Rate";
		};
		E943C92C2A1FB6E80090DFC4 /* PBXContainerItemProxy */ = {
			isa = PBXContainerItemProxy;
			containerPortal = E943C8E92A1C391D0090DFC4 /* Project object */;
			proxyType = 1;
			remoteGlobalIDString = E943C8F02A1C391D0090DFC4;
			remoteInfo = "Heart Rate";
		};
/* End PBXContainerItemProxy section */

/* Begin PBXFileReference section */
		E943C8F12A1C391D0090DFC4 /* Heart Rate.app */ = {isa = PBXFileReference; explicitFileType = wrapper.application; includeInIndex = 0; path = "Heart Rate.app"; sourceTree = BUILT_PRODUCTS_DIR; };
		E943C8F42A1C391D0090DFC4 /* AppDelegate.swift */ = {isa = PBXFileReference; lastKnownFileType = sourcecode.swift; path = AppDelegate.swift; sourceTree = "<group>"; };
		E943C8F62A1C391D0090DFC4 /* SceneDelegate.swift */ = {isa = PBXFileReference; lastKnownFileType = sourcecode.swift; path = SceneDelegate.swift; sourceTree = "<group>"; };
		E943C8F82A1C391D0090DFC4 /* ViewController.swift */ = {isa = PBXFileReference; lastKnownFileType = sourcecode.swift; path = ViewController.swift; sourceTree = "<group>"; };
		E943C8FB2A1C391D0090DFC4 /* Base */ = {isa = PBXFileReference; lastKnownFileType = file.storyboard; name = Base; path = Base.lproj/Main.storyboard; sourceTree = "<group>"; };
		E943C8FD2A1C391F0090DFC4 /* Assets.xcassets */ = {isa = PBXFileReference; lastKnownFileType = folder.assetcatalog; path = Assets.xcassets; sourceTree = "<group>"; };
		E943C9002A1C391F0090DFC4 /* Base */ = {isa = PBXFileReference; lastKnownFileType = file.storyboard; name = Base; path = Base.lproj/LaunchScreen.storyboard; sourceTree = "<group>"; };
		E943C9022A1C391F0090DFC4 /* Info.plist */ = {isa = PBXFileReference; lastKnownFileType = text.plist.xml; path = Info.plist; sourceTree = "<group>"; };
		E943C90C2A1C3EA00090DFC4 /* Heart Rate.entitlements */ = {isa = PBXFileReference; lastKnownFileType = text.plist.entitlements; path = "Heart Rate.entitlements"; sourceTree = "<group>"; };
		E943C90D2A1C41E10090DFC4 /* Heart.swift */ = {isa = PBXFileReference; lastKnownFileType = sourcecode.swift; path = Heart.swift; sourceTree = "<group>"; };
		E943C9112A1C449A0090DFC4 /* HeartCase.swift */ = {isa = PBXFileReference; lastKnownFileType = sourcecode.swift; path = HeartCase.swift; sourceTree = "<group>"; };
		E943C9172A1E64E80090DFC4 /* HeartRateTests.xctest */ = {isa = PBXFileReference; explicitFileType = wrapper.cfbundle; includeInIndex = 0; path = HeartRateTests.xctest; sourceTree = BUILT_PRODUCTS_DIR; };
		E943C9192A1E64E90090DFC4 /* HeartRateTests.swift */ = {isa = PBXFileReference; lastKnownFileType = sourcecode.swift; path = HeartRateTests.swift; sourceTree = "<group>"; };
		E943C9202A1E653F0090DFC4 /* HeartCaseTests.swift */ = {isa = PBXFileReference; lastKnownFileType = sourcecode.swift; path = HeartCaseTests.swift; sourceTree = "<group>"; };
		E943C9262A1FB6E80090DFC4 /* HeartRateUITests.xctest */ = {isa = PBXFileReference; explicitFileType = wrapper.cfbundle; includeInIndex = 0; path = HeartRateUITests.xctest; sourceTree = BUILT_PRODUCTS_DIR; };
		E943C9282A1FB6E80090DFC4 /* HeartRateUITests.swift */ = {isa = PBXFileReference; lastKnownFileType = sourcecode.swift; path = HeartRateUITests.swift; sourceTree = "<group>"; };
		E943C92A2A1FB6E80090DFC4 /* HeartRateUITestsLaunchTests.swift */ = {isa = PBXFileReference; lastKnownFileType = sourcecode.swift; path = HeartRateUITestsLaunchTests.swift; sourceTree = "<group>"; };
/* End PBXFileReference section */

/* Begin PBXFrameworksBuildPhase section */
		E943C8EE2A1C391D0090DFC4 /* Frameworks */ = {
			isa = PBXFrameworksBuildPhase;
			buildActionMask = 2147483647;
			files = (
			);
			runOnlyForDeploymentPostprocessing = 0;
		};
		E943C9142A1E64E80090DFC4 /* Frameworks */ = {
			isa = PBXFrameworksBuildPhase;
			buildActionMask = 2147483647;
			files = (
			);
			runOnlyForDeploymentPostprocessing = 0;
		};
		E943C9232A1FB6E80090DFC4 /* Frameworks */ = {
			isa = PBXFrameworksBuildPhase;
			buildActionMask = 2147483647;
			files = (
			);
			runOnlyForDeploymentPostprocessing = 0;
		};
/* End PBXFrameworksBuildPhase section */

/* Begin PBXGroup section */
		E943C8E82A1C391D0090DFC4 = {
			isa = PBXGroup;
			children = (
				E943C8F32A1C391D0090DFC4 /* Heart Rate */,
				E943C9182A1E64E90090DFC4 /* HeartRateTests */,
				E943C9272A1FB6E80090DFC4 /* HeartRateUITests */,
				E943C8F22A1C391D0090DFC4 /* Products */,
			);
			sourceTree = "<group>";
		};
		E943C8F22A1C391D0090DFC4 /* Products */ = {
			isa = PBXGroup;
			children = (
				E943C8F12A1C391D0090DFC4 /* Heart Rate.app */,
				E943C9172A1E64E80090DFC4 /* HeartRateTests.xctest */,
				E943C9262A1FB6E80090DFC4 /* HeartRateUITests.xctest */,
			);
			name = Products;
			sourceTree = "<group>";
		};
		E943C8F32A1C391D0090DFC4 /* Heart Rate */ = {
			isa = PBXGroup;
			children = (
				E943C9102A1C41FE0090DFC4 /* Controller */,
				E943C90F2A1C41F00090DFC4 /* Model */,
				E943C90B2A1C3E7F0090DFC4 /* Views */,
				E943C90A2A1C3E510090DFC4 /* HelpingFiles */,
				E943C90C2A1C3EA00090DFC4 /* Heart Rate.entitlements */,
				E943C9022A1C391F0090DFC4 /* Info.plist */,
			);
			path = "Heart Rate";
			sourceTree = "<group>";
		};
		E943C90A2A1C3E510090DFC4 /* HelpingFiles */ = {
			isa = PBXGroup;
			children = (
				E943C8F42A1C391D0090DFC4 /* AppDelegate.swift */,
				E943C8F62A1C391D0090DFC4 /* SceneDelegate.swift */,
				E943C8FD2A1C391F0090DFC4 /* Assets.xcassets */,
			);
			path = HelpingFiles;
			sourceTree = "<group>";
		};
		E943C90B2A1C3E7F0090DFC4 /* Views */ = {
			isa = PBXGroup;
			children = (
				E943C8FA2A1C391D0090DFC4 /* Main.storyboard */,
				E943C8FF2A1C391F0090DFC4 /* LaunchScreen.storyboard */,
			);
			path = Views;
			sourceTree = "<group>";
		};
		E943C90F2A1C41F00090DFC4 /* Model */ = {
			isa = PBXGroup;
			children = (
				E943C90D2A1C41E10090DFC4 /* Heart.swift */,
				E943C9112A1C449A0090DFC4 /* HeartCase.swift */,
			);
			path = Model;
			sourceTree = "<group>";
		};
		E943C9102A1C41FE0090DFC4 /* Controller */ = {
			isa = PBXGroup;
			children = (
				E943C8F82A1C391D0090DFC4 /* ViewController.swift */,
			);
			path = Controller;
			sourceTree = "<group>";
		};
		E943C9182A1E64E90090DFC4 /* HeartRateTests */ = {
			isa = PBXGroup;
			children = (
				E943C9192A1E64E90090DFC4 /* HeartRateTests.swift */,
				E943C9202A1E653F0090DFC4 /* HeartCaseTests.swift */,
			);
			path = HeartRateTests;
			sourceTree = "<group>";
		};
		E943C9272A1FB6E80090DFC4 /* HeartRateUITests */ = {
			isa = PBXGroup;
			children = (
				E943C9282A1FB6E80090DFC4 /* HeartRateUITests.swift */,
				E943C92A2A1FB6E80090DFC4 /* HeartRateUITestsLaunchTests.swift */,
			);
			path = HeartRateUITests;
			sourceTree = "<group>";
		};
/* End PBXGroup section */

/* Begin PBXNativeTarget section */
		E943C8F02A1C391D0090DFC4 /* Heart Rate */ = {
			isa = PBXNativeTarget;
			buildConfigurationList = E943C9052A1C391F0090DFC4 /* Build configuration list for PBXNativeTarget "Heart Rate" */;
			buildPhases = (
				E943C8ED2A1C391D0090DFC4 /* Sources */,
				E943C8EE2A1C391D0090DFC4 /* Frameworks */,
				E943C8EF2A1C391D0090DFC4 /* Resources */,
			);
			buildRules = (
			);
			dependencies = (
			);
			name = "Heart Rate";
			productName = "Heart Rate";
			productReference = E943C8F12A1C391D0090DFC4 /* Heart Rate.app */;
			productType = "com.apple.product-type.application";
		};
		E943C9162A1E64E80090DFC4 /* HeartRateTests */ = {
			isa = PBXNativeTarget;
			buildConfigurationList = E943C91F2A1E64E90090DFC4 /* Build configuration list for PBXNativeTarget "HeartRateTests" */;
			buildPhases = (
				E943C9132A1E64E80090DFC4 /* Sources */,
				E943C9142A1E64E80090DFC4 /* Frameworks */,
				E943C9152A1E64E80090DFC4 /* Resources */,
			);
			buildRules = (
			);
			dependencies = (
				E943C91C2A1E64E90090DFC4 /* PBXTargetDependency */,
			);
			name = HeartRateTests;
			productName = HeartRateTests;
			productReference = E943C9172A1E64E80090DFC4 /* HeartRateTests.xctest */;
			productType = "com.apple.product-type.bundle.unit-test";
		};
		E943C9252A1FB6E80090DFC4 /* HeartRateUITests */ = {
			isa = PBXNativeTarget;
			buildConfigurationList = E943C9302A1FB6E80090DFC4 /* Build configuration list for PBXNativeTarget "HeartRateUITests" */;
			buildPhases = (
				E943C9222A1FB6E80090DFC4 /* Sources */,
				E943C9232A1FB6E80090DFC4 /* Frameworks */,
				E943C9242A1FB6E80090DFC4 /* Resources */,
			);
			buildRules = (
			);
			dependencies = (
				E943C92D2A1FB6E80090DFC4 /* PBXTargetDependency */,
			);
			name = HeartRateUITests;
			productName = HeartRateUITests;
			productReference = E943C9262A1FB6E80090DFC4 /* HeartRateUITests.xctest */;
			productType = "com.apple.product-type.bundle.ui-testing";
		};
/* End PBXNativeTarget section */

/* Begin PBXProject section */
		E943C8E92A1C391D0090DFC4 /* Project object */ = {
			isa = PBXProject;
			attributes = {
				BuildIndependentTargetsInParallel = 1;
				LastSwiftUpdateCheck = 1420;
				LastUpgradeCheck = 1420;
				TargetAttributes = {
					E943C8F02A1C391D0090DFC4 = {
						CreatedOnToolsVersion = 14.2;
					};
					E943C9162A1E64E80090DFC4 = {
						CreatedOnToolsVersion = 14.2;
						TestTargetID = E943C8F02A1C391D0090DFC4;
					};
					E943C9252A1FB6E80090DFC4 = {
						CreatedOnToolsVersion = 14.2;
						TestTargetID = E943C8F02A1C391D0090DFC4;
					};
				};
			};
			buildConfigurationList = E943C8EC2A1C391D0090DFC4 /* Build configuration list for PBXProject "Heart Rate" */;
			compatibilityVersion = "Xcode 14.0";
			developmentRegion = en;
			hasScannedForEncodings = 0;
			knownRegions = (
				en,
				Base,
			);
			mainGroup = E943C8E82A1C391D0090DFC4;
			productRefGroup = E943C8F22A1C391D0090DFC4 /* Products */;
			projectDirPath = "";
			projectRoot = "";
			targets = (
				E943C8F02A1C391D0090DFC4 /* Heart Rate */,
				E943C9162A1E64E80090DFC4 /* HeartRateTests */,
				E943C9252A1FB6E80090DFC4 /* HeartRateUITests */,
			);
		};
/* End PBXProject section */

/* Begin PBXResourcesBuildPhase section */
		E943C8EF2A1C391D0090DFC4 /* Resources */ = {
			isa = PBXResourcesBuildPhase;
			buildActionMask = 2147483647;
			files = (
				E943C9012A1C391F0090DFC4 /* LaunchScreen.storyboard in Resources */,
				E943C8FE2A1C391F0090DFC4 /* Assets.xcassets in Resources */,
				E943C8FC2A1C391D0090DFC4 /* Main.storyboard in Resources */,
			);
			runOnlyForDeploymentPostprocessing = 0;
		};
		E943C9152A1E64E80090DFC4 /* Resources */ = {
			isa = PBXResourcesBuildPhase;
			buildActionMask = 2147483647;
			files = (
			);
			runOnlyForDeploymentPostprocessing = 0;
		};
		E943C9242A1FB6E80090DFC4 /* Resources */ = {
			isa = PBXResourcesBuildPhase;
			buildActionMask = 2147483647;
			files = (
			);
			runOnlyForDeploymentPostprocessing = 0;
		};
/* End PBXResourcesBuildPhase section */

/* Begin PBXSourcesBuildPhase section */
		E943C8ED2A1C391D0090DFC4 /* Sources */ = {
			isa = PBXSourcesBuildPhase;
			buildActionMask = 2147483647;
			files = (
				E943C8F92A1C391D0090DFC4 /* ViewController.swift in Sources */,
				E943C9122A1C449A0090DFC4 /* HeartCase.swift in Sources */,
				E943C8F52A1C391D0090DFC4 /* AppDelegate.swift in Sources */,
				E943C90E2A1C41E10090DFC4 /* Heart.swift in Sources */,
				E943C8F72A1C391D0090DFC4 /* SceneDelegate.swift in Sources */,
			);
			runOnlyForDeploymentPostprocessing = 0;
		};
		E943C9132A1E64E80090DFC4 /* Sources */ = {
			isa = PBXSourcesBuildPhase;
			buildActionMask = 2147483647;
			files = (
				E943C9212A1E653F0090DFC4 /* HeartCaseTests.swift in Sources */,
				E943C91A2A1E64E90090DFC4 /* HeartRateTests.swift in Sources */,
			);
			runOnlyForDeploymentPostprocessing = 0;
		};
		E943C9222A1FB6E80090DFC4 /* Sources */ = {
			isa = PBXSourcesBuildPhase;
			buildActionMask = 2147483647;
			files = (
				E943C9292A1FB6E80090DFC4 /* HeartRateUITests.swift in Sources */,
				E943C92B2A1FB6E80090DFC4 /* HeartRateUITestsLaunchTests.swift in Sources */,
			);
			runOnlyForDeploymentPostprocessing = 0;
		};
/* End PBXSourcesBuildPhase section */

/* Begin PBXTargetDependency section */
		E943C91C2A1E64E90090DFC4 /* PBXTargetDependency */ = {
			isa = PBXTargetDependency;
			target = E943C8F02A1C391D0090DFC4 /* Heart Rate */;
			targetProxy = E943C91B2A1E64E90090DFC4 /* PBXContainerItemProxy */;
		};
		E943C92D2A1FB6E80090DFC4 /* PBXTargetDependency */ = {
			isa = PBXTargetDependency;
			target = E943C8F02A1C391D0090DFC4 /* Heart Rate */;
			targetProxy = E943C92C2A1FB6E80090DFC4 /* PBXContainerItemProxy */;
		};
/* End PBXTargetDependency section */

/* Begin PBXVariantGroup section */
		E943C8FA2A1C391D0090DFC4 /* Main.storyboard */ = {
			isa = PBXVariantGroup;
			children = (
				E943C8FB2A1C391D0090DFC4 /* Base */,
			);
			name = Main.storyboard;
			sourceTree = "<group>";
		};
		E943C8FF2A1C391F0090DFC4 /* LaunchScreen.storyboard */ = {
			isa = PBXVariantGroup;
			children = (
				E943C9002A1C391F0090DFC4 /* Base */,
			);
			name = LaunchScreen.storyboard;
			sourceTree = "<group>";
		};
/* End PBXVariantGroup section */

/* Begin XCBuildConfiguration section */
		E943C9032A1C391F0090DFC4 /* Debug */ = {
			isa = XCBuildConfiguration;
			buildSettings = {
				ALWAYS_SEARCH_USER_PATHS = NO;
				CLANG_ANALYZER_NONNULL = YES;
				CLANG_ANALYZER_NUMBER_OBJECT_CONVERSION = YES_AGGRESSIVE;
				CLANG_CXX_LANGUAGE_STANDARD = "gnu++20";
				CLANG_ENABLE_MODULES = YES;
				CLANG_ENABLE_OBJC_ARC = YES;
				CLANG_ENABLE_OBJC_WEAK = YES;
				CLANG_WARN_BLOCK_CAPTURE_AUTORELEASING = YES;
				CLANG_WARN_BOOL_CONVERSION = YES;
				CLANG_WARN_COMMA = YES;
				CLANG_WARN_CONSTANT_CONVERSION = YES;
				CLANG_WARN_DEPRECATED_OBJC_IMPLEMENTATIONS = YES;
				CLANG_WARN_DIRECT_OBJC_ISA_USAGE = YES_ERROR;
				CLANG_WARN_DOCUMENTATION_COMMENTS = YES;
				CLANG_WARN_EMPTY_BODY = YES;
				CLANG_WARN_ENUM_CONVERSION = YES;
				CLANG_WARN_INFINITE_RECURSION = YES;
				CLANG_WARN_INT_CONVERSION = YES;
				CLANG_WARN_NON_LITERAL_NULL_CONVERSION = YES;
				CLANG_WARN_OBJC_IMPLICIT_RETAIN_SELF = YES;
				CLANG_WARN_OBJC_LITERAL_CONVERSION = YES;
				CLANG_WARN_OBJC_ROOT_CLASS = YES_ERROR;
				CLANG_WARN_QUOTED_INCLUDE_IN_FRAMEWORK_HEADER = YES;
				CLANG_WARN_RANGE_LOOP_ANALYSIS = YES;
				CLANG_WARN_STRICT_PROTOTYPES = YES;
				CLANG_WARN_SUSPICIOUS_MOVE = YES;
				CLANG_WARN_UNGUARDED_AVAILABILITY = YES_AGGRESSIVE;
				CLANG_WARN_UNREACHABLE_CODE = YES;
				CLANG_WARN__DUPLICATE_METHOD_MATCH = YES;
				COPY_PHASE_STRIP = NO;
				DEBUG_INFORMATION_FORMAT = dwarf;
				ENABLE_STRICT_OBJC_MSGSEND = YES;
				ENABLE_TESTABILITY = YES;
				GCC_C_LANGUAGE_STANDARD = gnu11;
				GCC_DYNAMIC_NO_PIC = NO;
				GCC_NO_COMMON_BLOCKS = YES;
				GCC_OPTIMIZATION_LEVEL = 0;
				GCC_PREPROCESSOR_DEFINITIONS = (
					"DEBUG=1",
					"$(inherited)",
				);
				GCC_WARN_64_TO_32_BIT_CONVERSION = YES;
				GCC_WARN_ABOUT_RETURN_TYPE = YES_ERROR;
				GCC_WARN_UNDECLARED_SELECTOR = YES;
				GCC_WARN_UNINITIALIZED_AUTOS = YES_AGGRESSIVE;
				GCC_WARN_UNUSED_FUNCTION = YES;
				GCC_WARN_UNUSED_VARIABLE = YES;
				IPHONEOS_DEPLOYMENT_TARGET = 16.2;
				MTL_ENABLE_DEBUG_INFO = INCLUDE_SOURCE;
				MTL_FAST_MATH = YES;
				ONLY_ACTIVE_ARCH = YES;
				SDKROOT = iphoneos;
				SWIFT_ACTIVE_COMPILATION_CONDITIONS = DEBUG;
				SWIFT_OPTIMIZATION_LEVEL = "-Onone";
			};
			name = Debug;
		};
		E943C9042A1C391F0090DFC4 /* Release */ = {
			isa = XCBuildConfiguration;
			buildSettings = {
				ALWAYS_SEARCH_USER_PATHS = NO;
				CLANG_ANALYZER_NONNULL = YES;
				CLANG_ANALYZER_NUMBER_OBJECT_CONVERSION = YES_AGGRESSIVE;
				CLANG_CXX_LANGUAGE_STANDARD = "gnu++20";
				CLANG_ENABLE_MODULES = YES;
				CLANG_ENABLE_OBJC_ARC = YES;
				CLANG_ENABLE_OBJC_WEAK = YES;
				CLANG_WARN_BLOCK_CAPTURE_AUTORELEASING = YES;
				CLANG_WARN_BOOL_CONVERSION = YES;
				CLANG_WARN_COMMA = YES;
				CLANG_WARN_CONSTANT_CONVERSION = YES;
				CLANG_WARN_DEPRECATED_OBJC_IMPLEMENTATIONS = YES;
				CLANG_WARN_DIRECT_OBJC_ISA_USAGE = YES_ERROR;
				CLANG_WARN_DOCUMENTATION_COMMENTS = YES;
				CLANG_WARN_EMPTY_BODY = YES;
				CLANG_WARN_ENUM_CONVERSION = YES;
				CLANG_WARN_INFINITE_RECURSION = YES;
				CLANG_WARN_INT_CONVERSION = YES;
				CLANG_WARN_NON_LITERAL_NULL_CONVERSION = YES;
				CLANG_WARN_OBJC_IMPLICIT_RETAIN_SELF = YES;
				CLANG_WARN_OBJC_LITERAL_CONVERSION = YES;
				CLANG_WARN_OBJC_ROOT_CLASS = YES_ERROR;
				CLANG_WARN_QUOTED_INCLUDE_IN_FRAMEWORK_HEADER = YES;
				CLANG_WARN_RANGE_LOOP_ANALYSIS = YES;
				CLANG_WARN_STRICT_PROTOTYPES = YES;
				CLANG_WARN_SUSPICIOUS_MOVE = YES;
				CLANG_WARN_UNGUARDED_AVAILABILITY = YES_AGGRESSIVE;
				CLANG_WARN_UNREACHABLE_CODE = YES;
				CLANG_WARN__DUPLICATE_METHOD_MATCH = YES;
				COPY_PHASE_STRIP = NO;
				DEBUG_INFORMATION_FORMAT = "dwarf-with-dsym";
				ENABLE_NS_ASSERTIONS = NO;
				ENABLE_STRICT_OBJC_MSGSEND = YES;
				GCC_C_LANGUAGE_STANDARD = gnu11;
				GCC_NO_COMMON_BLOCKS = YES;
				GCC_WARN_64_TO_32_BIT_CONVERSION = YES;
				GCC_WARN_ABOUT_RETURN_TYPE = YES_ERROR;
				GCC_WARN_UNDECLARED_SELECTOR = YES;
				GCC_WARN_UNINITIALIZED_AUTOS = YES_AGGRESSIVE;
				GCC_WARN_UNUSED_FUNCTION = YES;
				GCC_WARN_UNUSED_VARIABLE = YES;
				IPHONEOS_DEPLOYMENT_TARGET = 16.2;
				MTL_ENABLE_DEBUG_INFO = NO;
				MTL_FAST_MATH = YES;
				SDKROOT = iphoneos;
				SWIFT_COMPILATION_MODE = wholemodule;
				SWIFT_OPTIMIZATION_LEVEL = "-O";
				VALIDATE_PRODUCT = YES;
			};
			name = Release;
		};
		E943C9062A1C391F0090DFC4 /* Debug */ = {
			isa = XCBuildConfiguration;
			buildSettings = {
				ASSETCATALOG_COMPILER_APPICON_NAME = AppIcon;
				ASSETCATALOG_COMPILER_GLOBAL_ACCENT_COLOR_NAME = AccentColor;
				CODE_SIGN_ENTITLEMENTS = "Heart Rate/Heart Rate.entitlements";
				CODE_SIGN_STYLE = Automatic;
				CURRENT_PROJECT_VERSION = 1;
				GENERATE_INFOPLIST_FILE = YES;
				INFOPLIST_FILE = "Heart Rate/Info.plist";
				INFOPLIST_KEY_NSHealthShareUsageDescription = "Allow this app to share data.";
				INFOPLIST_KEY_NSHealthUpdateUsageDescription = "Allow this app to update data.";
				INFOPLIST_KEY_UIApplicationSupportsIndirectInputEvents = YES;
				INFOPLIST_KEY_UILaunchStoryboardName = LaunchScreen;
				INFOPLIST_KEY_UIMainStoryboardFile = Main;
				INFOPLIST_KEY_UISupportedInterfaceOrientations = UIInterfaceOrientationPortrait;
				INFOPLIST_KEY_UISupportedInterfaceOrientations_iPad = "UIInterfaceOrientationLandscapeLeft UIInterfaceOrientationLandscapeRight UIInterfaceOrientationPortrait UIInterfaceOrientationPortraitUpsideDown";
				LD_RUNPATH_SEARCH_PATHS = (
					"$(inherited)",
					"@executable_path/Frameworks",
				);
				MARKETING_VERSION = 1.0;
				PRODUCT_BUNDLE_IDENTIFIER = "com.san.Heart-Rate";
				PRODUCT_NAME = "$(TARGET_NAME)";
				SWIFT_EMIT_LOC_STRINGS = YES;
				SWIFT_VERSION = 5.0;
				TARGETED_DEVICE_FAMILY = "1,2";
			};
			name = Debug;
		};
		E943C9072A1C391F0090DFC4 /* Release */ = {
			isa = XCBuildConfiguration;
			buildSettings = {
				ASSETCATALOG_COMPILER_APPICON_NAME = AppIcon;
				ASSETCATALOG_COMPILER_GLOBAL_ACCENT_COLOR_NAME = AccentColor;
				CODE_SIGN_ENTITLEMENTS = "Heart Rate/Heart Rate.entitlements";
				CODE_SIGN_STYLE = Automatic;
				CURRENT_PROJECT_VERSION = 1;
				GENERATE_INFOPLIST_FILE = YES;
				INFOPLIST_FILE = "Heart Rate/Info.plist";
				INFOPLIST_KEY_NSHealthShareUsageDescription = "Allow this app to share data.";
				INFOPLIST_KEY_NSHealthUpdateUsageDescription = "Allow this app to update data.";
				INFOPLIST_KEY_UIApplicationSupportsIndirectInputEvents = YES;
				INFOPLIST_KEY_UILaunchStoryboardName = LaunchScreen;
				INFOPLIST_KEY_UIMainStoryboardFile = Main;
				INFOPLIST_KEY_UISupportedInterfaceOrientations = UIInterfaceOrientationPortrait;
				INFOPLIST_KEY_UISupportedInterfaceOrientations_iPad = "UIInterfaceOrientationLandscapeLeft UIInterfaceOrientationLandscapeRight UIInterfaceOrientationPortrait UIInterfaceOrientationPortraitUpsideDown";
				LD_RUNPATH_SEARCH_PATHS = (
					"$(inherited)",
					"@executable_path/Frameworks",
				);
				MARKETING_VERSION = 1.0;
				PRODUCT_BUNDLE_IDENTIFIER = "com.san.Heart-Rate";
				PRODUCT_NAME = "$(TARGET_NAME)";
				SWIFT_EMIT_LOC_STRINGS = YES;
				SWIFT_VERSION = 5.0;
				TARGETED_DEVICE_FAMILY = "1,2";
			};
			name = Release;
		};
		E943C91D2A1E64E90090DFC4 /* Debug */ = {
			isa = XCBuildConfiguration;
			buildSettings = {
				BUNDLE_LOADER = "$(TEST_HOST)";
				CODE_SIGN_STYLE = Automatic;
				CURRENT_PROJECT_VERSION = 1;
				GENERATE_INFOPLIST_FILE = YES;
				MARKETING_VERSION = 1.0;
				PRODUCT_BUNDLE_IDENTIFIER = com.san.HeartRateTests;
				PRODUCT_NAME = "$(TARGET_NAME)";
				SWIFT_EMIT_LOC_STRINGS = NO;
				SWIFT_VERSION = 5.0;
				TARGETED_DEVICE_FAMILY = "1,2";
				TEST_HOST = "$(BUILT_PRODUCTS_DIR)/Heart Rate.app/$(BUNDLE_EXECUTABLE_FOLDER_PATH)/Heart Rate";
			};
			name = Debug;
		};
		E943C91E2A1E64E90090DFC4 /* Release */ = {
			isa = XCBuildConfiguration;
			buildSettings = {
				BUNDLE_LOADER = "$(TEST_HOST)";
				CODE_SIGN_STYLE = Automatic;
				CURRENT_PROJECT_VERSION = 1;
				GENERATE_INFOPLIST_FILE = YES;
				MARKETING_VERSION = 1.0;
				PRODUCT_BUNDLE_IDENTIFIER = com.san.HeartRateTests;
				PRODUCT_NAME = "$(TARGET_NAME)";
				SWIFT_EMIT_LOC_STRINGS = NO;
				SWIFT_VERSION = 5.0;
				TARGETED_DEVICE_FAMILY = "1,2";
				TEST_HOST = "$(BUILT_PRODUCTS_DIR)/Heart Rate.app/$(BUNDLE_EXECUTABLE_FOLDER_PATH)/Heart Rate";
			};
			name = Release;
		};
		E943C92E2A1FB6E80090DFC4 /* Debug */ = {
			isa = XCBuildConfiguration;
			buildSettings = {
				CODE_SIGN_STYLE = Automatic;
				CURRENT_PROJECT_VERSION = 1;
				GENERATE_INFOPLIST_FILE = YES;
				MARKETING_VERSION = 1.0;
				PRODUCT_BUNDLE_IDENTIFIER = com.san.HeartRateUITests;
				PRODUCT_NAME = "$(TARGET_NAME)";
				SWIFT_EMIT_LOC_STRINGS = NO;
				SWIFT_VERSION = 5.0;
				TARGETED_DEVICE_FAMILY = "1,2";
				TEST_TARGET_NAME = "Heart Rate";
			};
			name = Debug;
		};
		E943C92F2A1FB6E80090DFC4 /* Release */ = {
			isa = XCBuildConfiguration;
			buildSettings = {
				CODE_SIGN_STYLE = Automatic;
				CURRENT_PROJECT_VERSION = 1;
				GENERATE_INFOPLIST_FILE = YES;
				MARKETING_VERSION = 1.0;
				PRODUCT_BUNDLE_IDENTIFIER = com.san.HeartRateUITests;
				PRODUCT_NAME = "$(TARGET_NAME)";
				SWIFT_EMIT_LOC_STRINGS = NO;
				SWIFT_VERSION = 5.0;
				TARGETED_DEVICE_FAMILY = "1,2";
				TEST_TARGET_NAME = "Heart Rate";
			};
			name = Release;
		};
/* End XCBuildConfiguration section */

/* Begin XCConfigurationList section */
		E943C8EC2A1C391D0090DFC4 /* Build configuration list for PBXProject "Heart Rate" */ = {
			isa = XCConfigurationList;
			buildConfigurations = (
				E943C9032A1C391F0090DFC4 /* Debug */,
				E943C9042A1C391F0090DFC4 /* Release */,
			);
			defaultConfigurationIsVisible = 0;
			defaultConfigurationName = Release;
		};
		E943C9052A1C391F0090DFC4 /* Build configuration list for PBXNativeTarget "Heart Rate" */ = {
			isa = XCConfigurationList;
			buildConfigurations = (
				E943C9062A1C391F0090DFC4 /* Debug */,
				E943C9072A1C391F0090DFC4 /* Release */,
			);
			defaultConfigurationIsVisible = 0;
			defaultConfigurationName = Release;
		};
		E943C91F2A1E64E90090DFC4 /* Build configuration list for PBXNativeTarget "HeartRateTests" */ = {
			isa = XCConfigurationList;
			buildConfigurations = (
				E943C91D2A1E64E90090DFC4 /* Debug */,
				E943C91E2A1E64E90090DFC4 /* Release */,
			);
			defaultConfigurationIsVisible = 0;
			defaultConfigurationName = Release;
		};
		E943C9302A1FB6E80090DFC4 /* Build configuration list for PBXNativeTarget "HeartRateUITests" */ = {
			isa = XCConfigurationList;
			buildConfigurations = (
				E943C92E2A1FB6E80090DFC4 /* Debug */,
				E943C92F2A1FB6E80090DFC4 /* Release */,
			);
			defaultConfigurationIsVisible = 0;
			defaultConfigurationName = Release;
		};
/* End XCConfigurationList section */
	};
	rootObject = E943C8E92A1C391D0090DFC4 /* Project object */;
}
